
Microsoft Visual Studio Solution File, Format Version 12.00
# Visual Studio Version 17
VisualStudioVersion = 17.14.36301.6 d17.14
MinimumVisualStudioVersion = 10.0.40219.1
Project("{FAE04EC0-301F-11D3-BF4B-00C04F79EFBC}") = "WK6", "WK6\WK6.csproj", "{63BE0DD3-C43C-419C-B578-ADFBB454F6B3}"
EndProject
Project("{FAE04EC0-301F-11D3-BF4B-00C04F79EFBC}") = "App1", "App1\App1.csproj", "{6175A1BA-2134-433F-9146-C04C32C3032C}"
EndProject
Project("{FAE04EC0-301F-11D3-BF4B-00C04F79EFBC}") = "App2", "App2\App2.csproj", "{B90ADCA5-BC37-4998-87EE-854F5750835C}"
EndProject
Global
	GlobalSection(SolutionConfigurationPlatforms) = preSolution
		Debug|Any CPU = Debug|Any CPU
		Release|Any CPU = Release|Any CPU
	EndGlobalSection
	GlobalSection(ProjectConfigurationPlatforms) = postSolution
		{63BE0DD3-C43C-419C-B578-ADFBB454F6B3}.Debug|Any CPU.ActiveCfg = Debug|Any CPU
		{63BE0DD3-C43C-419C-B578-ADFBB454F6B3}.Debug|Any CPU.Build.0 = Debug|Any CPU
		{63BE0DD3-C43C-419C-B578-ADFBB454F6B3}.Release|Any CPU.ActiveCfg = Release|Any CPU
		{63BE0DD3-C43C-419C-B578-ADFBB454F6B3}.Release|Any CPU.Build.0 = Release|Any CPU
		{6175A1BA-2134-433F-9146-C04C32C3032C}.Debug|Any CPU.ActiveCfg = Debug|Any CPU
		{6175A1BA-2134-433F-9146-C04C32C3032C}.Debug|Any CPU.Build.0 = Debug|Any CPU
		{6175A1BA-2134-433F-9146-C04C32C3032C}.Release|Any CPU.ActiveCfg = Release|Any CPU
		{6175A1BA-2134-433F-9146-C04C32C3032C}.Release|Any CPU.Build.0 = Release|Any CPU
		{B90ADCA5-BC37-4998-87EE-854F5750835C}.Debug|Any CPU.ActiveCfg = Debug|Any CPU
		{B90ADCA5-BC37-4998-87EE-854F5750835C}.Debug|Any CPU.Build.0 = Debug|Any CPU
		{B90ADCA5-BC37-4998-87EE-854F5750835C}.Release|Any CPU.ActiveCfg = Release|Any CPU
		{B90ADCA5-BC37-4998-87EE-854F5750835C}.Release|Any CPU.Build.0 = Release|Any CPU
	EndGlobalSection
	GlobalSection(SolutionProperties) = preSolution
		HideSolutionNode = FALSE
	EndGlobalSection
	GlobalSection(ExtensibilityGlobals) = postSolution
		SolutionGuid = {40AE7E75-764A-4443-B6DC-F1EA9BC80E5A}
	EndGlobalSection
EndGlobal
