
Microsoft Visual Studio Solution File, Format Version 12.00
# Visual Studio Version 17
VisualStudioVersion = 17.14.36301.6 d17.14
MinimumVisualStudioVersion = 10.0.40219.1
Project("{FAE04EC0-301F-11D3-BF4B-00C04F79EFBC}") = "MemoryGame", "MemoryGame\MemoryGame.csproj", "{8358B8BF-9CCB-45B6-AB67-685962F424D2}"
EndProject
Global
	GlobalSection(SolutionConfigurationPlatforms) = preSolution
		Debug|Any CPU = Debug|Any CPU
		Release|Any CPU = Release|Any CPU
	EndGlobalSection
	GlobalSection(ProjectConfigurationPlatforms) = postSolution
		{8358B8BF-9CCB-45B6-AB67-685962F424D2}.Debug|Any CPU.ActiveCfg = Debug|Any CPU
		{8358B8BF-9CCB-45B6-AB67-685962F424D2}.Debug|Any CPU.Build.0 = Debug|Any CPU
		{8358B8BF-9CCB-45B6-AB67-685962F424D2}.Release|Any CPU.ActiveCfg = Release|Any CPU
		{8358B8BF-9CCB-45B6-AB67-685962F424D2}.Release|Any CPU.Build.0 = Release|Any CPU
	EndGlobalSection
	GlobalSection(SolutionProperties) = preSolution
		HideSolutionNode = FALSE
	EndGlobalSection
	GlobalSection(ExtensibilityGlobals) = postSolution
		SolutionGuid = {34CF454F-4176-4A45-AD43-8B158C8B1A36}
	EndGlobalSection
EndGlobal
