
Microsoft Visual Studio Solution File, Format Version 12.00
# Visual Studio Version 17
VisualStudioVersion = 17.14.36301.6 d17.14
MinimumVisualStudioVersion = 10.0.40219.1
Project("{FAE04EC0-301F-11D3-BF4B-00C04F79EFBC}") = "App1", "App1\App1.csproj", "{8882BFFE-C64D-48D9-8E3B-36B743067D5D}"
EndProject
Project("{FAE04EC0-301F-11D3-BF4B-00C04F79EFBC}") = "App2", "App2\App2.csproj", "{D8E64808-6AA0-4053-81AE-06385746DA68}"
EndProject
Global
	GlobalSection(SolutionConfigurationPlatforms) = preSolution
		Debug|Any CPU = Debug|Any CPU
		Release|Any CPU = Release|Any CPU
	EndGlobalSection
	GlobalSection(ProjectConfigurationPlatforms) = postSolution
		{8882BFFE-C64D-48D9-8E3B-36B743067D5D}.Debug|Any CPU.ActiveCfg = Debug|Any CPU
		{8882BFFE-C64D-48D9-8E3B-36B743067D5D}.Debug|Any CPU.Build.0 = Debug|Any CPU
		{8882BFFE-C64D-48D9-8E3B-36B743067D5D}.Release|Any CPU.ActiveCfg = Release|Any CPU
		{8882BFFE-C64D-48D9-8E3B-36B743067D5D}.Release|Any CPU.Build.0 = Release|Any CPU
		{D8E64808-6AA0-4053-81AE-06385746DA68}.Debug|Any CPU.ActiveCfg = Debug|Any CPU
		{D8E64808-6AA0-4053-81AE-06385746DA68}.Debug|Any CPU.Build.0 = Debug|Any CPU
		{D8E64808-6AA0-4053-81AE-06385746DA68}.Release|Any CPU.ActiveCfg = Release|Any CPU
		{D8E64808-6AA0-4053-81AE-06385746DA68}.Release|Any CPU.Build.0 = Release|Any CPU
	EndGlobalSection
	GlobalSection(SolutionProperties) = preSolution
		HideSolutionNode = FALSE
	EndGlobalSection
	GlobalSection(ExtensibilityGlobals) = postSolution
		SolutionGuid = {9A3EF410-834A-44F2-B714-4968B843D1E7}
	EndGlobalSection
EndGlobal
