
Microsoft Visual Studio Solution File, Format Version 12.00
# Visual Studio Version 17
VisualStudioVersion = 17.14.36301.6 d17.14
MinimumVisualStudioVersion = 10.0.40219.1
Project("{FAE04EC0-301F-11D3-BF4B-00C04F79EFBC}") = "PuzzleGame", "PuzzleGame\PuzzleGame.csproj", "{0B8AD58B-5D7A-4795-9765-8003A2D2BD3D}"
EndProject
Global
	GlobalSection(SolutionConfigurationPlatforms) = preSolution
		Debug|Any CPU = Debug|Any CPU
		Release|Any CPU = Release|Any CPU
	EndGlobalSection
	GlobalSection(ProjectConfigurationPlatforms) = postSolution
		{0B8AD58B-5D7A-4795-9765-8003A2D2BD3D}.Debug|Any CPU.ActiveCfg = Debug|Any CPU
		{0B8AD58B-5D7A-4795-9765-8003A2D2BD3D}.Debug|Any CPU.Build.0 = Debug|Any CPU
		{0B8AD58B-5D7A-4795-9765-8003A2D2BD3D}.Release|Any CPU.ActiveCfg = Release|Any CPU
		{0B8AD58B-5D7A-4795-9765-8003A2D2BD3D}.Release|Any CPU.Build.0 = Release|Any CPU
	EndGlobalSection
	GlobalSection(SolutionProperties) = preSolution
		HideSolutionNode = FALSE
	EndGlobalSection
	GlobalSection(ExtensibilityGlobals) = postSolution
		SolutionGuid = {56C946A9-F2A5-40E8-A154-C7C7578F3CC6}
	EndGlobalSection
EndGlobal
